Microsoft Visual Studio Solution File, Format Version 12.00
# Visual Studio 2012
Project("{FAE04EC0-301F-11D3-BF4B-00C04F79EFBC}") = "Dino&friends", "Dino&friends.csproj", "{F5080D99-6C50-411C-8BD3-7C03BC840163}"
EndProject
Global
	GlobalSection(SolutionConfigurationPlatforms) = preSolution
	Debug|Any CPU = Debug|Any CPU
	ExportDebug|Any CPU = ExportDebug|Any CPU
	ExportRelease|Any CPU = ExportRelease|Any CPU
	EndGlobalSection
	GlobalSection(ProjectConfigurationPlatforms) = postSolution
		{F5080D99-6C50-411C-8BD3-7C03BC840163}.Debug|Any CPU.ActiveCfg = Debug|Any CPU
		{F5080D99-6C50-411C-8BD3-7C03BC840163}.Debug|Any CPU.Build.0 = Debug|Any CPU
		{F5080D99-6C50-411C-8BD3-7C03BC840163}.ExportDebug|Any CPU.ActiveCfg = ExportDebug|Any CPU
		{F5080D99-6C50-411C-8BD3-7C03BC840163}.ExportDebug|Any CPU.Build.0 = ExportDebug|Any CPU
		{F5080D99-6C50-411C-8BD3-7C03BC840163}.ExportRelease|Any CPU.ActiveCfg = ExportRelease|Any CPU
		{F5080D99-6C50-411C-8BD3-7C03BC840163}.ExportRelease|Any CPU.Build.0 = ExportRelease|Any CPU
	EndGlobalSection
EndGlobal
